// !$*UTF8*$!
{
	archiveVersion = 1;
	classes = {
	};
	objectVersion = 50;
	objects = {

/* Begin PBXBuildFile section */
		4A3F2C5E22E9AC1F006BD239 /* AppDelegate.swift in Sources */ = {isa = PBXBuildFile; fileRef = 4A3F2C5D22E9AC1F006BD239 /* AppDelegate.swift */; };
		4A3F2C6022E9AC1F006BD239 /* ViewController.swift in Sources */ = {isa = PBXBuildFile; fileRef = 4A3F2C5F22E9AC1F006BD239 /* ViewController.swift */; };
		4A3F2C6322E9AC1F006BD239 /* Main.storyboard in Resources */ = {isa = PBXBuildFile; fileRef = 4A3F2C6122E9AC1F006BD239 /* Main.storyboard */; };
		4A3F2C6522E9AC2D006BD239 /* Assets.xcassets in Resources */ = {isa = PBXBuildFile; fileRef = 4A3F2C6422E9AC2D006BD239 /* Assets.xcassets */; };
		4A3F2C6822E9AC2D006BD239 /* LaunchScreen.storyboard in Resources */ = {isa = PBXBuildFile; fileRef = 4A3F2C6622E9AC2D006BD239 /* LaunchScreen.storyboard */; };
/* End PBXBuildFile section */

/* Begin PBXFileReference section */
		4A3F2C5A22E9AC1F006BD239 /* IosVisibleGone.app */ = {isa = PBXFileReference; explicitFileType = wrapper.application; includeInIndex = 0; path = IosVisibleGone.app; sourceTree = BUILT_PRODUCTS_DIR; };
		4A3F2C5D22E9AC1F006BD239 /* AppDelegate.swift */ = {isa = PBXFileReference; lastKnownFileType = sourcecode.swift; path = AppDelegate.swift; sourceTree = "<group>"; };
		4A3F2C5F22E9AC1F006BD239 /* ViewController.swift */ = {isa = PBXFileReference; lastKnownFileType = sourcecode.swift; path = ViewController.swift; sourceTree = "<group>"; };
		4A3F2C6222E9AC1F006BD239 /* Base */ = {isa = PBXFileReference; lastKnownFileType = file.storyboard; name = Base; path = Base.lproj/Main.storyboard; sourceTree = "<group>"; };
		4A3F2C6422E9AC2D006BD239 /* Assets.xcassets */ = {isa = PBXFileReference; lastKnownFileType = folder.assetcatalog; path = Assets.xcassets; sourceTree = "<group>"; };
		4A3F2C6722E9AC2D006BD239 /* Base */ = {isa = PBXFileReference; lastKnownFileType = file.storyboard; name = Base; path = Base.lproj/LaunchScreen.storyboard; sourceTree = "<group>"; };
		4A3F2C6922E9AC2D006BD239 /* Info.plist */ = {isa = PBXFileReference; lastKnownFileType = text.plist.xml; path = Info.plist; sourceTree = "<group>"; };
/* End PBXFileReference section */

/* Begin PBXFrameworksBuildPhase section */
		4A3F2C5722E9AC1F006BD239 /* Frameworks */ = {
			isa = PBXFrameworksBuildPhase;
			buildActionMask = 2147483647;
			files = (
			);
			runOnlyForDeploymentPostprocessing = 0;
		};
/* End PBXFrameworksBuildPhase section */

/* Begin PBXGroup section */
		4A3F2C5122E9AC1F006BD239 = {
			isa = PBXGroup;
			children = (
				4A3F2C5C22E9AC1F006BD239 /* IosVisibleGone */,
				4A3F2C5B22E9AC1F006BD239 /* Products */,
			);
			sourceTree = "<group>";
		};
		4A3F2C5B22E9AC1F006BD239 /* Products */ = {
			isa = PBXGroup;
			children = (
				4A3F2C5A22E9AC1F006BD239 /* IosVisibleGone.app */,
			);
			name = Products;
			sourceTree = "<group>";
		};
		4A3F2C5C22E9AC1F006BD239 /* IosVisibleGone */ = {
			isa = PBXGroup;
			children = (
				4A3F2C5D22E9AC1F006BD239 /* AppDelegate.swift */,
				4A3F2C5F22E9AC1F006BD239 /* ViewController.swift */,
				4A3F2C6122E9AC1F006BD239 /* Main.storyboard */,
				4A3F2C6422E9AC2D006BD239 /* Assets.xcassets */,
				4A3F2C6622E9AC2D006BD239 /* LaunchScreen.storyboard */,
				4A3F2C6922E9AC2D006BD239 /* Info.plist */,
			);
			path = IosVisibleGone;
			sourceTree = "<group>";
		};
/* End PBXGroup section */

/* Begin PBXNativeTarget section */
		4A3F2C5922E9AC1F006BD239 /* IosVisibleGone */ = {
			isa = PBXNativeTarget;
			buildConfigurationList = 4A3F2C6C22E9AC2D006BD239 /* Build configuration list for PBXNativeTarget "IosVisibleGone" */;
			buildPhases = (
				4A3F2C5622E9AC1F006BD239 /* Sources */,
				4A3F2C5722E9AC1F006BD239 /* Frameworks */,
				4A3F2C5822E9AC1F006BD239 /* Resources */,
			);
			buildRules = (
			);
			dependencies = (
			);
			name = IosVisibleGone;
			productName = IosVisibleGone;
			productReference = 4A3F2C5A22E9AC1F006BD239 /* IosVisibleGone.app */;
			productType = "com.apple.product-type.application";
		};
/* End PBXNativeTarget section */

/* Begin PBXProject section */
		4A3F2C5222E9AC1F006BD239 /* Project object */ = {
			isa = PBXProject;
			attributes = {
				LastSwiftUpdateCheck = 1020;
				LastUpgradeCheck = 1020;
				ORGANIZATIONNAME = "Green Appers";
				TargetAttributes = {
					4A3F2C5922E9AC1F006BD239 = {
						CreatedOnToolsVersion = 10.2.1;
					};
				};
			};
			buildConfigurationList = 4A3F2C5522E9AC1F006BD239 /* Build configuration list for PBXProject "IosVisibleGone" */;
			compatibilityVersion = "Xcode 9.3";
			developmentRegion = en;
			hasScannedForEncodings = 0;
			knownRegions = (
				en,
				Base,
			);
			mainGroup = 4A3F2C5122E9AC1F006BD239;
			productRefGroup = 4A3F2C5B22E9AC1F006BD239 /* Products */;
			projectDirPath = "";
			projectRoot = "";
			targets = (
				4A3F2C5922E9AC1F006BD239 /* IosVisibleGone */,
			);
		};
/* End PBXProject section */

/* Begin PBXResourcesBuildPhase section */
		4A3F2C5822E9AC1F006BD239 /* Resources */ = {
			isa = PBXResourcesBuildPhase;
			buildActionMask = 2147483647;
			files = (
				4A3F2C6822E9AC2D006BD239 /* LaunchScreen.storyboard in Resources */,
				4A3F2C6522E9AC2D006BD239 /* Assets.xcassets in Resources */,
				4A3F2C6322E9AC1F006BD239 /* Main.storyboard in Resources */,
			);
			runOnlyForDeploymentPostprocessing = 0;
		};
/* End PBXResourcesBuildPhase section */

/* Begin PBXSourcesBuildPhase section */
		4A3F2C5622E9AC1F006BD239 /* Sources */ = {
			isa = PBXSourcesBuildPhase;
			buildActionMask = 2147483647;
			files = (
				4A3F2C6022E9AC1F006BD239 /* ViewController.swift in Sources */,
				4A3F2C5E22E9AC1F006BD239 /* AppDelegate.swift in Sources */,
			);
			runOnlyForDeploymentPostprocessing = 0;
		};
/* End PBXSourcesBuildPhase section */

/* Begin PBXVariantGroup section */
		4A3F2C6122E9AC1F006BD239 /* Main.storyboard */ = {
			isa = PBXVariantGroup;
			children = (
				4A3F2C6222E9AC1F006BD239 /* Base */,
			);
			name = Main.storyboard;
			sourceTree = "<group>";
		};
		4A3F2C6622E9AC2D006BD239 /* LaunchScreen.storyboard */ = {
			isa = PBXVariantGroup;
			children = (
				4A3F2C6722E9AC2D006BD239 /* Base */,
			);
			name = LaunchScreen.storyboard;
			sourceTree = "<group>";
		};
/* End PBXVariantGroup section */

/* Begin XCBuildConfiguration section */
		4A3F2C6A22E9AC2D006BD239 /* Debug */ = {
			isa = XCBuildConfiguration;
			buildSettings = {
				ALWAYS_SEARCH_USER_PATHS = NO;
				CLANG_ANALYZER_NONNULL = YES;
				CLANG_ANALYZER_NUMBER_OBJECT_CONVERSION = YES_AGGRESSIVE;
				CLANG_CXX_LANGUAGE_STANDARD = "gnu++14";
				CLANG_CXX_LIBRARY = "libc++";
				CLANG_ENABLE_MODULES = YES;
				CLANG_ENABLE_OBJC_ARC = YES;
				CLANG_ENABLE_OBJC_WEAK = YES;
				CLANG_WARN_BLOCK_CAPTURE_AUTORELEASING = YES;
				CLANG_WARN_BOOL_CONVERSION = YES;
				CLANG_WARN_COMMA = YES;
				CLANG_WARN_CONSTANT_CONVERSION = YES;
				CLANG_WARN_DEPRECATED_OBJC_IMPLEMENTATIONS = YES;
				CLANG_WARN_DIRECT_OBJC_ISA_USAGE = YES_ERROR;
				CLANG_WARN_DOCUMENTATION_COMMENTS = YES;
				CLANG_WARN_EMPTY_BODY = YES;
				CLANG_WARN_ENUM_CONVERSION = YES;
				CLANG_WARN_INFINITE_RECURSION = YES;
				CLANG_WARN_INT_CONVERSION = YES;
				CLANG_WARN_NON_LITERAL_NULL_CONVERSION = YES;
				CLANG_WARN_OBJC_IMPLICIT_RETAIN_SELF = YES;
				CLANG_WARN_OBJC_LITERAL_CONVERSION = YES;
				CLANG_WARN_OBJC_ROOT_CLASS = YES_ERROR;
				CLANG_WARN_RANGE_LOOP_ANALYSIS = YES;
				CLANG_WARN_STRICT_PROTOTYPES = YES;
				CLANG_WARN_SUSPICIOUS_MOVE = YES;
				CLANG_WARN_UNGUARDED_AVAILABILITY = YES_AGGRESSIVE;
				CLANG_WARN_UNREACHABLE_CODE = YES;
				CLANG_WARN__DUPLICATE_METHOD_MATCH = YES;
				CODE_SIGN_IDENTITY = "iPhone Developer";
				COPY_PHASE_STRIP = NO;
				DEBUG_INFORMATION_FORMAT = dwarf;
				ENABLE_STRICT_OBJC_MSGSEND = YES;
				ENABLE_TESTABILITY = YES;
				GCC_C_LANGUAGE_STANDARD = gnu11;
				GCC_DYNAMIC_NO_PIC = NO;
				GCC_NO_COMMON_BLOCKS = YES;
				GCC_OPTIMIZATION_LEVEL = 0;
				GCC_PREPROCESSOR_DEFINITIONS = (
					"DEBUG=1",
					"$(inherited)",
				);
				GCC_WARN_64_TO_32_BIT_CONVERSION = YES;
				GCC_WARN_ABOUT_RETURN_TYPE = YES_ERROR;
				GCC_WARN_UNDECLARED_SELECTOR = YES;
				GCC_WARN_UNINITIALIZED_AUTOS = YES_AGGRESSIVE;
				GCC_WARN_UNUSED_FUNCTION = YES;
				GCC_WARN_UNUSED_VARIABLE = YES;
				IPHONEOS_DEPLOYMENT_TARGET = 12.2;
				MTL_ENABLE_DEBUG_INFO = INCLUDE_SOURCE;
				MTL_FAST_MATH = YES;
				ONLY_ACTIVE_ARCH = YES;
				SDKROOT = iphoneos;
				SWIFT_ACTIVE_COMPILATION_CONDITIONS = DEBUG;
				SWIFT_OPTIMIZATION_LEVEL = "-Onone";
			};
			name = Debug;
		};
		4A3F2C6B22E9AC2D006BD239 /* Release */ = {
			isa = XCBuildConfiguration;
			buildSettings = {
				ALWAYS_SEARCH_USER_PATHS = NO;
				CLANG_ANALYZER_NONNULL = YES;
				CLANG_ANALYZER_NUMBER_OBJECT_CONVERSION = YES_AGGRESSIVE;
				CLANG_CXX_LANGUAGE_STANDARD = "gnu++14";
				CLANG_CXX_LIBRARY = "libc++";
				CLANG_ENABLE_MODULES = YES;
				CLANG_ENABLE_OBJC_ARC = YES;
				CLANG_ENABLE_OBJC_WEAK = YES;
				CLANG_WARN_BLOCK_CAPTURE_AUTORELEASING = YES;
				CLANG_WARN_BOOL_CONVERSION = YES;
				CLANG_WARN_COMMA = YES;
				CLANG_WARN_CONSTANT_CONVERSION = YES;
				CLANG_WARN_DEPRECATED_OBJC_IMPLEMENTATIONS = YES;
				CLANG_WARN_DIRECT_OBJC_ISA_USAGE = YES_ERROR;
				CLANG_WARN_DOCUMENTATION_COMMENTS = YES;
				CLANG_WARN_EMPTY_BODY = YES;
				CLANG_WARN_ENUM_CONVERSION = YES;
				CLANG_WARN_INFINITE_RECURSION = YES;
				CLANG_WARN_INT_CONVERSION = YES;
				CLANG_WARN_NON_LITERAL_NULL_CONVERSION = YES;
				CLANG_WARN_OBJC_IMPLICIT_RETAIN_SELF = YES;
				CLANG_WARN_OBJC_LITERAL_CONVERSION = YES;
				CLANG_WARN_OBJC_ROOT_CLASS = YES_ERROR;
				CLANG_WARN_RANGE_LOOP_ANALYSIS = YES;
				CLANG_WARN_STRICT_PROTOTYPES = YES;
				CLANG_WARN_SUSPICIOUS_MOVE = YES;
				CLANG_WARN_UNGUARDED_AVAILABILITY = YES_AGGRESSIVE;
				CLANG_WARN_UNREACHABLE_CODE = YES;
				CLANG_WARN__DUPLICATE_METHOD_MATCH = YES;
				CODE_SIGN_IDENTITY = "iPhone Developer";
				COPY_PHASE_STRIP = NO;
				DEBUG_INFORMATION_FORMAT = "dwarf-with-dsym";
				ENABLE_NS_ASSERTIONS = NO;
				ENABLE_STRICT_OBJC_MSGSEND = YES;
				GCC_C_LANGUAGE_STANDARD = gnu11;
				GCC_NO_COMMON_BLOCKS = YES;
				GCC_WARN_64_TO_32_BIT_CONVERSION = YES;
				GCC_WARN_ABOUT_RETURN_TYPE = YES_ERROR;
				GCC_WARN_UNDECLARED_SELECTOR = YES;
				GCC_WARN_UNINITIALIZED_AUTOS = YES_AGGRESSIVE;
				GCC_WARN_UNUSED_FUNCTION = YES;
				GCC_WARN_UNUSED_VARIABLE = YES;
				IPHONEOS_DEPLOYMENT_TARGET = 12.2;
				MTL_ENABLE_DEBUG_INFO = NO;
				MTL_FAST_MATH = YES;
				SDKROOT = iphoneos;
				SWIFT_COMPILATION_MODE = wholemodule;
				SWIFT_OPTIMIZATION_LEVEL = "-O";
				VALIDATE_PRODUCT = YES;
			};
			name = Release;
		};
		4A3F2C6D22E9AC2D006BD239 /* Debug */ = {
			isa = XCBuildConfiguration;
			buildSettings = {
				ASSETCATALOG_COMPILER_APPICON_NAME = AppIcon;
				CODE_SIGN_STYLE = Automatic;
				INFOPLIST_FILE = IosVisibleGone/Info.plist;
				LD_RUNPATH_SEARCH_PATHS = (
					"$(inherited)",
					"@executable_path/Frameworks",
				);
				PRODUCT_BUNDLE_IDENTIFIER = com.saikat.IosVisibleGone;
				PRODUCT_NAME = "$(TARGET_NAME)";
				SWIFT_VERSION = 5.0;
				TARGETED_DEVICE_FAMILY = "1,2";
			};
			name = Debug;
		};
		4A3F2C6E22E9AC2D006BD239 /* Release */ = {
			isa = XCBuildConfiguration;
			buildSettings = {
				ASSETCATALOG_COMPILER_APPICON_NAME = AppIcon;
				CODE_SIGN_STYLE = Automatic;
				INFOPLIST_FILE = IosVisibleGone/Info.plist;
				LD_RUNPATH_SEARCH_PATHS = (
					"$(inherited)",
					"@executable_path/Frameworks",
				);
				PRODUCT_BUNDLE_IDENTIFIER = com.saikat.IosVisibleGone;
				PRODUCT_NAME = "$(TARGET_NAME)";
				SWIFT_VERSION = 5.0;
				TARGETED_DEVICE_FAMILY = "1,2";
			};
			name = Release;
		};
/* End XCBuildConfiguration section */

/* Begin XCConfigurationList section */
		4A3F2C5522E9AC1F006BD239 /* Build configuration list for PBXProject "IosVisibleGone" */ = {
			isa = XCConfigurationList;
			buildConfigurations = (
				4A3F2C6A22E9AC2D006BD239 /* Debug */,
				4A3F2C6B22E9AC2D006BD239 /* Release */,
			);
			defaultConfigurationIsVisible = 0;
			defaultConfigurationName = Release;
		};
		4A3F2C6C22E9AC2D006BD239 /* Build configuration list for PBXNativeTarget "IosVisibleGone" */ = {
			isa = XCConfigurationList;
			buildConfigurations = (
				4A3F2C6D22E9AC2D006BD239 /* Debug */,
				4A3F2C6E22E9AC2D006BD239 /* Release */,
			);
			defaultConfigurationIsVisible = 0;
			defaultConfigurationName = Release;
		};
/* End XCConfigurationList section */
	};
	rootObject = 4A3F2C5222E9AC1F006BD239 /* Project object */;
}
